
Microsoft Visual Studio Solution File, Format Version 12.00
# Visual Studio Version 16
VisualStudioVersion = 16.0.34031.81
MinimumVisualStudioVersion = 10.0.40219.1
Project("{FAE04EC0-301F-11D3-BF4B-00C04F79EFBC}") = "jquery-Ajax command", "jquery-Ajax\jquery-Ajax command.csproj", "{F73DD8FE-DD2F-4716-BD9A-D82EDBBB58C2}"
EndProject
Project("{FAE04EC0-301F-11D3-BF4B-00C04F79EFBC}") = "jquery-Ajax data Reading", "jquery-Ajax data Reading\jquery-Ajax data Reading.csproj", "{C02F1B1B-DB99-48E7-9C52-B6591FB14747}"
EndProject
Global
	GlobalSection(SolutionConfigurationPlatforms) = preSolution
		Debug|Any CPU = Debug|Any CPU
		Release|Any CPU = Release|Any CPU
	EndGlobalSection
	GlobalSection(ProjectConfigurationPlatforms) = postSolution
		{F73DD8FE-DD2F-4716-BD9A-D82EDBBB58C2}.Debug|Any CPU.ActiveCfg = Debug|Any CPU
		{F73DD8FE-DD2F-4716-BD9A-D82EDBBB58C2}.Debug|Any CPU.Build.0 = Debug|Any CPU
		{F73DD8FE-DD2F-4716-BD9A-D82EDBBB58C2}.Release|Any CPU.ActiveCfg = Release|Any CPU
		{F73DD8FE-DD2F-4716-BD9A-D82EDBBB58C2}.Release|Any CPU.Build.0 = Release|Any CPU
		{C02F1B1B-DB99-48E7-9C52-B6591FB14747}.Debug|Any CPU.ActiveCfg = Debug|Any CPU
		{C02F1B1B-DB99-48E7-9C52-B6591FB14747}.Debug|Any CPU.Build.0 = Debug|Any CPU
		{C02F1B1B-DB99-48E7-9C52-B6591FB14747}.Release|Any CPU.ActiveCfg = Release|Any CPU
		{C02F1B1B-DB99-48E7-9C52-B6591FB14747}.Release|Any CPU.Build.0 = Release|Any CPU
	EndGlobalSection
	GlobalSection(SolutionProperties) = preSolution
		HideSolutionNode = FALSE
	EndGlobalSection
	GlobalSection(ExtensibilityGlobals) = postSolution
		SolutionGuid = {CB382F6F-83C1-4B38-939E-EF8CD6D47FD2}
	EndGlobalSection
EndGlobal
